
Microsoft Visual Studio Solution File, Format Version 12.00
# Visual Studio Express 2013 for Windows Desktop
VisualStudioVersion = 12.0.31101.0
MinimumVisualStudioVersion = 10.0.40219.1
Project("{8BC9CEB8-8B4A-11D0-8D11-00A0C91BC942}") = "TypeAhead", "TypeAhead\TypeAhead.vcxproj", "{4107E6B7-E89C-441D-9EF9-DF22252B0F17}"
EndProject
Global
	GlobalSection(SolutionConfigurationPlatforms) = preSolution
		Debug|Win32 = Debug|Win32
		Release|Win32 = Release|Win32
	EndGlobalSection
	GlobalSection(ProjectConfigurationPlatforms) = postSolution
		{4107E6B7-E89C-441D-9EF9-DF22252B0F17}.Debug|Win32.ActiveCfg = Debug|Win32
		{4107E6B7-E89C-441D-9EF9-DF22252B0F17}.Debug|Win32.Build.0 = Debug|Win32
		{4107E6B7-E89C-441D-9EF9-DF22252B0F17}.Release|Win32.ActiveCfg = Release|Win32
		{4107E6B7-E89C-441D-9EF9-DF22252B0F17}.Release|Win32.Build.0 = Release|Win32
	EndGlobalSection
	GlobalSection(SolutionProperties) = preSolution
		HideSolutionNode = FALSE
	EndGlobalSection
EndGlobal
