
Microsoft Visual Studio Solution File, Format Version 12.00
# Visual Studio 14
VisualStudioVersion = 14.0.25123.0
MinimumVisualStudioVersion = 10.0.40219.1
Project("{FAE04EC0-301F-11D3-BF4B-00C04F79EFBC}") = "SalaryCalculationTestProject", "SalaryCalculationTestProject\SalaryCalculationTestProject.csproj", "{02DDC1DB-D358-4EED-B052-D96102A81205}"
EndProject
Project("{FAE04EC0-301F-11D3-BF4B-00C04F79EFBC}") = "Calculator", "SalaryCalculator\Calculator.csproj", "{AAD14610-BE09-4524-A1E4-7C2534F63F06}"
EndProject
Global
	GlobalSection(SolutionConfigurationPlatforms) = preSolution
		Debug|Any CPU = Debug|Any CPU
		Release|Any CPU = Release|Any CPU
	EndGlobalSection
	GlobalSection(ProjectConfigurationPlatforms) = postSolution
		{02DDC1DB-D358-4EED-B052-D96102A81205}.Debug|Any CPU.ActiveCfg = Debug|Any CPU
		{02DDC1DB-D358-4EED-B052-D96102A81205}.Debug|Any CPU.Build.0 = Debug|Any CPU
		{02DDC1DB-D358-4EED-B052-D96102A81205}.Release|Any CPU.ActiveCfg = Release|Any CPU
		{02DDC1DB-D358-4EED-B052-D96102A81205}.Release|Any CPU.Build.0 = Release|Any CPU
		{AAD14610-BE09-4524-A1E4-7C2534F63F06}.Debug|Any CPU.ActiveCfg = Debug|Any CPU
		{AAD14610-BE09-4524-A1E4-7C2534F63F06}.Debug|Any CPU.Build.0 = Debug|Any CPU
		{AAD14610-BE09-4524-A1E4-7C2534F63F06}.Release|Any CPU.ActiveCfg = Release|Any CPU
		{AAD14610-BE09-4524-A1E4-7C2534F63F06}.Release|Any CPU.Build.0 = Release|Any CPU
	EndGlobalSection
	GlobalSection(SolutionProperties) = preSolution
		HideSolutionNode = FALSE
	EndGlobalSection
EndGlobal
